<?xml version="1.0" encoding="utf-8"?>
<Project ToolsVersion="4.0" xmlns="http://schemas.microsoft.com/developer/msbuild/2003">
  <ItemGroup>
    <Filter Include="Source Files">
      <UniqueIdentifier>{7c6ef144-bbf4-4bae-901a-fe986bc2c9dc}</UniqueIdentifier>
      <Extensions>cpp;c;cxx;rc;def;r;odl;idl;hpj;bat</Extensions>
    </Filter>
    <Filter Include="Header Files">
      <UniqueIdentifier>{58fd8405-67a5-4b8d-9c11-83f2cd2ce349}</UniqueIdentifier>
      <Extensions>h;hpp;hxx;hm;inl</Extensions>
    </Filter>
    <Filter Include="Resource Files">
      <UniqueIdentifier>{02420467-1239-4b2e-ba24-4930c6ee7572}</UniqueIdentifier>
      <Extensions>ico;cur;bmp;dlg;rc2;rct;bin;rgs;gif;jpg;jpeg;jpe</Extensions>
    </Filter>
    <Filter Include="Help Files">
      <UniqueIdentifier>{d0c778db-94d8-463c-b6fb-ee129f853f98}</UniqueIdentifier>
      <Extensions>cnt;rtf</Extensions>
    </Filter>
    <Filter Include="i8085 Defines">
      <UniqueIdentifier>{60945087-6872-4bfe-b937-00a4db4170dc}</UniqueIdentifier>
      <Extensions>.h</Extensions>
    </Filter>
  </ItemGroup>
  <ItemGroup>
    <ClCompile Include="AssemblyDlg.cpp">
      <Filter>Source Files</Filter>
    </ClCompile>
    <ClCompile Include="BreakPointsCtrl.cpp">
      <Filter>Source Files</Filter>
    </ClCompile>
    <ClCompile Include="BreakPointsDlg.cpp">
      <Filter>Source Files</Filter>
    </ClCompile>
    <ClCompile Include="ChildFrm.cpp">
      <Filter>Source Files</Filter>
    </ClCompile>
    <ClCompile Include="CpuView.cpp">
      <Filter>Source Files</Filter>
    </ClCompile>
    <ClCompile Include="DevicesDlg.cpp">
      <Filter>Source Files</Filter>
    </ClCompile>
    <ClCompile Include="FlexibleSplitter.cpp">
      <Filter>Source Files</Filter>
    </ClCompile>
    <ClCompile Include="InputDlg.cpp">
      <Filter>Source Files</Filter>
    </ClCompile>
    <ClCompile Include="Machine.cpp">
      <Filter>Source Files</Filter>
    </ClCompile>
    <ClCompile Include="MainFrm.cpp">
      <Filter>Source Files</Filter>
    </ClCompile>
    <ClCompile Include="Memory.cpp">
      <Filter>Source Files</Filter>
    </ClCompile>
    <ClCompile Include="MemoryCfgDlg.cpp">
      <Filter>Source Files</Filter>
    </ClCompile>
    <ClCompile Include="MemoryView.cpp">
      <Filter>Source Files</Filter>
    </ClCompile>
    <ClCompile Include="MyListCtrl.cpp">
      <Filter>Source Files</Filter>
    </ClCompile>
    <ClCompile Include="RegistersView.cpp">
      <Filter>Source Files</Filter>
    </ClCompile>
    <ClCompile Include="SolidSplitter.cpp">
      <Filter>Source Files</Filter>
    </ClCompile>
    <ClCompile Include="SpeedDlg.cpp">
      <Filter>Source Files</Filter>
    </ClCompile>
    <ClCompile Include="StackView.cpp">
      <Filter>Source Files</Filter>
    </ClCompile>
    <ClCompile Include="StdAfx.cpp">
      <Filter>Source Files</Filter>
    </ClCompile>
    <ClCompile Include="WaitDlg.cpp">
      <Filter>Source Files</Filter>
    </ClCompile>
    <ClCompile Include="Win85.cpp">
      <Filter>Source Files</Filter>
    </ClCompile>
    <ClCompile Include="Win85Doc.cpp">
      <Filter>Source Files</Filter>
    </ClCompile>
  </ItemGroup>
  <ItemGroup>
    <ResourceCompile Include="Win85.rc">
      <Filter>Source Files</Filter>
    </ResourceCompile>
  </ItemGroup>
  <ItemGroup>
    <ClInclude Include="asmtable.h">
      <Filter>Header Files</Filter>
    </ClInclude>
    <ClInclude Include="AssemblyDlg.h">
      <Filter>Header Files</Filter>
    </ClInclude>
    <ClInclude Include="BreakPointsCtrl.h">
      <Filter>Header Files</Filter>
    </ClInclude>
    <ClInclude Include="BreakPointsDlg.h">
      <Filter>Header Files</Filter>
    </ClInclude>
    <ClInclude Include="ChildFrm.h">
      <Filter>Header Files</Filter>
    </ClInclude>
    <ClInclude Include="CpuView.h">
      <Filter>Header Files</Filter>
    </ClInclude>
    <ClInclude Include="DevicesDlg.h">
      <Filter>Header Files</Filter>
    </ClInclude>
    <ClInclude Include="FlexibleSplitter.h">
      <Filter>Header Files</Filter>
    </ClInclude>
    <ClInclude Include="InputDlg.h">
      <Filter>Header Files</Filter>
    </ClInclude>
    <ClInclude Include="Machine.h">
      <Filter>Header Files</Filter>
    </ClInclude>
    <ClInclude Include="MainFrm.h">
      <Filter>Header Files</Filter>
    </ClInclude>
    <ClInclude Include="Memory.h">
      <Filter>Header Files</Filter>
    </ClInclude>
    <ClInclude Include="MemoryCfgDlg.h">
      <Filter>Header Files</Filter>
    </ClInclude>
    <ClInclude Include="MemoryView.h">
      <Filter>Header Files</Filter>
    </ClInclude>
    <ClInclude Include="MyListCtrl.h">
      <Filter>Header Files</Filter>
    </ClInclude>
    <ClInclude Include="optable.h">
      <Filter>Header Files</Filter>
    </ClInclude>
    <ClInclude Include="RegistersView.h">
      <Filter>Header Files</Filter>
    </ClInclude>
    <ClInclude Include="SolidSplitter.h">
      <Filter>Header Files</Filter>
    </ClInclude>
    <ClInclude Include="SpeedDlg.h">
      <Filter>Header Files</Filter>
    </ClInclude>
    <ClInclude Include="StackView.h">
      <Filter>Header Files</Filter>
    </ClInclude>
    <ClInclude Include="StdAfx.h">
      <Filter>Header Files</Filter>
    </ClInclude>
    <ClInclude Include="tstate.h">
      <Filter>Header Files</Filter>
    </ClInclude>
    <ClInclude Include="WaitDlg.h">
      <Filter>Header Files</Filter>
    </ClInclude>
    <ClInclude Include="Win85.h">
      <Filter>Header Files</Filter>
    </ClInclude>
    <ClInclude Include="Win85Doc.h">
      <Filter>Header Files</Filter>
    </ClInclude>
    <ClInclude Include="Cpudef.h">
      <Filter>i8085 Defines</Filter>
    </ClInclude>
    <ClInclude Include="GuiDef.h">
      <Filter>i8085 Defines</Filter>
    </ClInclude>
  </ItemGroup>
  <ItemGroup>
    <CustomBuild Include="Resource.h">
      <Filter>Header Files</Filter>
    </CustomBuild>
    <CustomBuild Include="Res\bmp00001.bmp">
      <Filter>Resource Files</Filter>
    </CustomBuild>
    <CustomBuild Include="res\breaktoo.bmp">
      <Filter>Resource Files</Filter>
    </CustomBuild>
    <CustomBuild Include="Res\mainfram.bmp">
      <Filter>Resource Files</Filter>
    </CustomBuild>
    <CustomBuild Include="res\runtoolb.bmp">
      <Filter>Resource Files</Filter>
    </CustomBuild>
    <CustomBuild Include="res\Toolbar.bmp">
      <Filter>Resource Files</Filter>
    </CustomBuild>
    <CustomBuild Include="Res\toolbar1.bmp">
      <Filter>Resource Files</Filter>
    </CustomBuild>
    <CustomBuild Include="res\Win85.ico">
      <Filter>Resource Files</Filter>
    </CustomBuild>
    <CustomBuild Include="res\Win85.rc2">
      <Filter>Resource Files</Filter>
    </CustomBuild>
    <CustomBuild Include="res\Win85Doc.ico">
      <Filter>Resource Files</Filter>
    </CustomBuild>
    <CustomBuild Include="hlp\AfxCore.rtf">
      <Filter>Help Files</Filter>
    </CustomBuild>
    <CustomBuild Include="hlp\AfxPrint.rtf">
      <Filter>Help Files</Filter>
    </CustomBuild>
    <CustomBuild Include="hlp\AppExit.bmp">
      <Filter>Help Files</Filter>
    </CustomBuild>
    <CustomBuild Include="hlp\Bullet.bmp">
      <Filter>Help Files</Filter>
    </CustomBuild>
    <CustomBuild Include="hlp\CurArw2.bmp">
      <Filter>Help Files</Filter>
    </CustomBuild>
    <CustomBuild Include="hlp\CurArw4.bmp">
      <Filter>Help Files</Filter>
    </CustomBuild>
    <CustomBuild Include="hlp\CurHelp.bmp">
      <Filter>Help Files</Filter>
    </CustomBuild>
    <CustomBuild Include="hlp\EditCopy.bmp">
      <Filter>Help Files</Filter>
    </CustomBuild>
    <CustomBuild Include="hlp\EditCut.bmp">
      <Filter>Help Files</Filter>
    </CustomBuild>
    <CustomBuild Include="hlp\EditPast.bmp">
      <Filter>Help Files</Filter>
    </CustomBuild>
    <CustomBuild Include="hlp\EditUndo.bmp">
      <Filter>Help Files</Filter>
    </CustomBuild>
    <CustomBuild Include="hlp\FileNew.bmp">
      <Filter>Help Files</Filter>
    </CustomBuild>
    <CustomBuild Include="hlp\FileOpen.bmp">
      <Filter>Help Files</Filter>
    </CustomBuild>
    <CustomBuild Include="hlp\FilePrnt.bmp">
      <Filter>Help Files</Filter>
    </CustomBuild>
    <CustomBuild Include="hlp\FileSave.bmp">
      <Filter>Help Files</Filter>
    </CustomBuild>
    <CustomBuild Include="hlp\HlpSBar.bmp">
      <Filter>Help Files</Filter>
    </CustomBuild>
    <CustomBuild Include="hlp\HlpTBar.bmp">
      <Filter>Help Files</Filter>
    </CustomBuild>
    <CustomBuild Include="hlp\RecFirst.bmp">
      <Filter>Help Files</Filter>
    </CustomBuild>
    <CustomBuild Include="hlp\RecLast.bmp">
      <Filter>Help Files</Filter>
    </CustomBuild>
    <CustomBuild Include="hlp\RecNext.bmp">
      <Filter>Help Files</Filter>
    </CustomBuild>
    <CustomBuild Include="hlp\RecPrev.bmp">
      <Filter>Help Files</Filter>
    </CustomBuild>
    <CustomBuild Include="hlp\Scmax.bmp">
      <Filter>Help Files</Filter>
    </CustomBuild>
    <CustomBuild Include="hlp\ScMenu.bmp">
      <Filter>Help Files</Filter>
    </CustomBuild>
    <CustomBuild Include="hlp\Scmin.bmp">
      <Filter>Help Files</Filter>
    </CustomBuild>
    <CustomBuild Include="hlp\Win85.cnt">
      <Filter>Help Files</Filter>
    </CustomBuild>
    <CustomBuild Include="ReadMe.txt" />
  </ItemGroup>
</Project>